
Microsoft Visual Studio Solution File, Format Version 12.00
# Visual Studio Version 17
VisualStudioVersion = 17.14.36603.0 d17.14
MinimumVisualStudioVersion = 10.0.40219.1
Project("{FAE04EC0-301F-11D3-BF4B-00C04F79EFBC}") = "QuanLyNhaHang", "QuanLyNhaHang\QuanLyNhaHang.csproj", "{0CD5B8AE-7D68-4B9F-A023-C8D30127D325}"
EndProject
Global
	GlobalSection(SolutionConfigurationPlatforms) = preSolution
		Debug|Any CPU = Debug|Any CPU
		Release|Any CPU = Release|Any CPU
	EndGlobalSection
	GlobalSection(ProjectConfigurationPlatforms) = postSolution
		{0CD5B8AE-7D68-4B9F-A023-C8D30127D325}.Debug|Any CPU.ActiveCfg = Debug|Any CPU
		{0CD5B8AE-7D68-4B9F-A023-C8D30127D325}.Debug|Any CPU.Build.0 = Debug|Any CPU
		{0CD5B8AE-7D68-4B9F-A023-C8D30127D325}.Release|Any CPU.ActiveCfg = Release|Any CPU
		{0CD5B8AE-7D68-4B9F-A023-C8D30127D325}.Release|Any CPU.Build.0 = Release|Any CPU
	EndGlobalSection
	GlobalSection(SolutionProperties) = preSolution
		HideSolutionNode = FALSE
	EndGlobalSection
	GlobalSection(ExtensibilityGlobals) = postSolution
		SolutionGuid = {10364353-FE58-4678-BD0C-7ED6D4805DD0}
	EndGlobalSection
EndGlobal
