
Microsoft Visual Studio Solution File, Format Version 12.00
# Visual Studio Version 17
VisualStudioVersion = 17.14.36616.10
MinimumVisualStudioVersion = 10.0.40219.1
Project("{FAE04EC0-301F-11D3-BF4B-00C04F79EFBC}") = "Bai01", "Bai1\Bai01.csproj", "{20BF1287-275B-48E3-B355-7E5CB29090E0}"
EndProject
Project("{FAE04EC0-301F-11D3-BF4B-00C04F79EFBC}") = "Bai02", "Bai02\Bai02.csproj", "{32B3F421-2C0F-4525-B154-30B2EA635ECC}"
EndProject
Project("{FAE04EC0-301F-11D3-BF4B-00C04F79EFBC}") = "Bai03", "Bai03\Bai03.csproj", "{505E687A-93A9-40ED-A8A2-02CC888265E7}"
EndProject
Project("{FAE04EC0-301F-11D3-BF4B-00C04F79EFBC}") = "Bai04", "Bai04\Bai04.csproj", "{C1407513-D675-4F5A-80AB-4777C5D0BF6A}"
EndProject
Project("{FAE04EC0-301F-11D3-BF4B-00C04F79EFBC}") = "Bai05", "Bai05\Bai05.csproj", "{59A1D0AF-9139-4644-A1E1-B31D8220DC6D}"
EndProject
Project("{FAE04EC0-301F-11D3-BF4B-00C04F79EFBC}") = "Bai06", "Bai06\Bai06.csproj", "{D310F42C-9F82-4A64-BD14-8937559FE748}"
EndProject
Project("{FAE04EC0-301F-11D3-BF4B-00C04F79EFBC}") = "Bai07", "Bai07\Bai07.csproj", "{AB2CCB4B-BC7D-439F-9B29-5146A4761474}"
EndProject
Global
	GlobalSection(SolutionConfigurationPlatforms) = preSolution
		Debug|Any CPU = Debug|Any CPU
		Release|Any CPU = Release|Any CPU
	EndGlobalSection
	GlobalSection(ProjectConfigurationPlatforms) = postSolution
		{20BF1287-275B-48E3-B355-7E5CB29090E0}.Debug|Any CPU.ActiveCfg = Debug|Any CPU
		{20BF1287-275B-48E3-B355-7E5CB29090E0}.Debug|Any CPU.Build.0 = Debug|Any CPU
		{20BF1287-275B-48E3-B355-7E5CB29090E0}.Release|Any CPU.ActiveCfg = Release|Any CPU
		{20BF1287-275B-48E3-B355-7E5CB29090E0}.Release|Any CPU.Build.0 = Release|Any CPU
		{32B3F421-2C0F-4525-B154-30B2EA635ECC}.Debug|Any CPU.ActiveCfg = Debug|Any CPU
		{32B3F421-2C0F-4525-B154-30B2EA635ECC}.Debug|Any CPU.Build.0 = Debug|Any CPU
		{32B3F421-2C0F-4525-B154-30B2EA635ECC}.Release|Any CPU.ActiveCfg = Release|Any CPU
		{32B3F421-2C0F-4525-B154-30B2EA635ECC}.Release|Any CPU.Build.0 = Release|Any CPU
		{505E687A-93A9-40ED-A8A2-02CC888265E7}.Debug|Any CPU.ActiveCfg = Debug|Any CPU
		{505E687A-93A9-40ED-A8A2-02CC888265E7}.Debug|Any CPU.Build.0 = Debug|Any CPU
		{505E687A-93A9-40ED-A8A2-02CC888265E7}.Release|Any CPU.ActiveCfg = Release|Any CPU
		{505E687A-93A9-40ED-A8A2-02CC888265E7}.Release|Any CPU.Build.0 = Release|Any CPU
		{C1407513-D675-4F5A-80AB-4777C5D0BF6A}.Debug|Any CPU.ActiveCfg = Debug|Any CPU
		{C1407513-D675-4F5A-80AB-4777C5D0BF6A}.Debug|Any CPU.Build.0 = Debug|Any CPU
		{C1407513-D675-4F5A-80AB-4777C5D0BF6A}.Release|Any CPU.ActiveCfg = Release|Any CPU
		{C1407513-D675-4F5A-80AB-4777C5D0BF6A}.Release|Any CPU.Build.0 = Release|Any CPU
		{59A1D0AF-9139-4644-A1E1-B31D8220DC6D}.Debug|Any CPU.ActiveCfg = Debug|Any CPU
		{59A1D0AF-9139-4644-A1E1-B31D8220DC6D}.Debug|Any CPU.Build.0 = Debug|Any CPU
		{59A1D0AF-9139-4644-A1E1-B31D8220DC6D}.Release|Any CPU.ActiveCfg = Release|Any CPU
		{59A1D0AF-9139-4644-A1E1-B31D8220DC6D}.Release|Any CPU.Build.0 = Release|Any CPU
		{D310F42C-9F82-4A64-BD14-8937559FE748}.Debug|Any CPU.ActiveCfg = Debug|Any CPU
		{D310F42C-9F82-4A64-BD14-8937559FE748}.Debug|Any CPU.Build.0 = Debug|Any CPU
		{D310F42C-9F82-4A64-BD14-8937559FE748}.Release|Any CPU.ActiveCfg = Release|Any CPU
		{D310F42C-9F82-4A64-BD14-8937559FE748}.Release|Any CPU.Build.0 = Release|Any CPU
		{AB2CCB4B-BC7D-439F-9B29-5146A4761474}.Debug|Any CPU.ActiveCfg = Debug|Any CPU
		{AB2CCB4B-BC7D-439F-9B29-5146A4761474}.Debug|Any CPU.Build.0 = Debug|Any CPU
		{AB2CCB4B-BC7D-439F-9B29-5146A4761474}.Release|Any CPU.ActiveCfg = Release|Any CPU
		{AB2CCB4B-BC7D-439F-9B29-5146A4761474}.Release|Any CPU.Build.0 = Release|Any CPU
	EndGlobalSection
	GlobalSection(SolutionProperties) = preSolution
		HideSolutionNode = FALSE
	EndGlobalSection
	GlobalSection(ExtensibilityGlobals) = postSolution
		SolutionGuid = {0DB5DEC8-C44B-4036-91A2-5B976236856E}
	EndGlobalSection
EndGlobal
