
Microsoft Visual Studio Solution File, Format Version 12.00
# Visual Studio Version 17
VisualStudioVersion = 17.14.36616.10 d17.14
MinimumVisualStudioVersion = 10.0.40219.1
Project("{FAE04EC0-301F-11D3-BF4B-00C04F79EFBC}") = "Bai1", "Bai1\Bai1.csproj", "{20BF1287-275B-48E3-B355-7E5CB29090E0}"
EndProject
Global
	GlobalSection(SolutionConfigurationPlatforms) = preSolution
		Debug|Any CPU = Debug|Any CPU
		Release|Any CPU = Release|Any CPU
	EndGlobalSection
	GlobalSection(ProjectConfigurationPlatforms) = postSolution
		{20BF1287-275B-48E3-B355-7E5CB29090E0}.Debug|Any CPU.ActiveCfg = Debug|Any CPU
		{20BF1287-275B-48E3-B355-7E5CB29090E0}.Debug|Any CPU.Build.0 = Debug|Any CPU
		{20BF1287-275B-48E3-B355-7E5CB29090E0}.Release|Any CPU.ActiveCfg = Release|Any CPU
		{20BF1287-275B-48E3-B355-7E5CB29090E0}.Release|Any CPU.Build.0 = Release|Any CPU
	EndGlobalSection
	GlobalSection(SolutionProperties) = preSolution
		HideSolutionNode = FALSE
	EndGlobalSection
	GlobalSection(ExtensibilityGlobals) = postSolution
		SolutionGuid = {0DB5DEC8-C44B-4036-91A2-5B976236856E}
	EndGlobalSection
EndGlobal
